// !$*UTF8*$!
{
	archiveVersion = 1;
	classes = {
	};
	objectVersion = 50;
	objects = {

/* Begin PBXBuildFile section */
		22EF64372481B00100173CD4 /* AppDelegate.swift in Sources */ = {isa = PBXBuildFile; fileRef = 22EF64362481B00100173CD4 /* AppDelegate.swift */; };
		22EF64392481B00100173CD4 /* SceneDelegate.swift in Sources */ = {isa = PBXBuildFile; fileRef = 22EF64382481B00100173CD4 /* SceneDelegate.swift */; };
		22EF643E2481B00100173CD4 /* Main.storyboard in Resources */ = {isa = PBXBuildFile; fileRef = 22EF643C2481B00100173CD4 /* Main.storyboard */; };
		22EF64402481B00300173CD4 /* Assets.xcassets in Resources */ = {isa = PBXBuildFile; fileRef = 22EF643F2481B00300173CD4 /* Assets.xcassets */; };
		22EF64432481B00300173CD4 /* LaunchScreen.storyboard in Resources */ = {isa = PBXBuildFile; fileRef = 22EF64412481B00300173CD4 /* LaunchScreen.storyboard */; };
		22EF644B2481B05400173CD4 /* WordsTableViewController.swift in Sources */ = {isa = PBXBuildFile; fileRef = 22EF644A2481B05400173CD4 /* WordsTableViewController.swift */; };
		22EF644D2481B07500173CD4 /* DefinitionViewController.swift in Sources */ = {isa = PBXBuildFile; fileRef = 22EF644C2481B07500173CD4 /* DefinitionViewController.swift */; };
		22EF644F2481B2F200173CD4 /* VocabularyWord.swift in Sources */ = {isa = PBXBuildFile; fileRef = 22EF644E2481B2F200173CD4 /* VocabularyWord.swift */; };
/* End PBXBuildFile section */

/* Begin PBXFileReference section */
		22EF64332481B00100173CD4 /* Swift Vocabulary.app */ = {isa = PBXFileReference; explicitFileType = wrapper.application; includeInIndex = 0; path = "Swift Vocabulary.app"; sourceTree = BUILT_PRODUCTS_DIR; };
		22EF64362481B00100173CD4 /* AppDelegate.swift */ = {isa = PBXFileReference; lastKnownFileType = sourcecode.swift; path = AppDelegate.swift; sourceTree = "<group>"; };
		22EF64382481B00100173CD4 /* SceneDelegate.swift */ = {isa = PBXFileReference; lastKnownFileType = sourcecode.swift; path = SceneDelegate.swift; sourceTree = "<group>"; };
		22EF643D2481B00100173CD4 /* Base */ = {isa = PBXFileReference; lastKnownFileType = file.storyboard; name = Base; path = Base.lproj/Main.storyboard; sourceTree = "<group>"; };
		22EF643F2481B00300173CD4 /* Assets.xcassets */ = {isa = PBXFileReference; lastKnownFileType = folder.assetcatalog; path = Assets.xcassets; sourceTree = "<group>"; };
		22EF64422481B00300173CD4 /* Base */ = {isa = PBXFileReference; lastKnownFileType = file.storyboard; name = Base; path = Base.lproj/LaunchScreen.storyboard; sourceTree = "<group>"; };
		22EF64442481B00300173CD4 /* Info.plist */ = {isa = PBXFileReference; lastKnownFileType = text.plist.xml; path = Info.plist; sourceTree = "<group>"; };
		22EF644A2481B05400173CD4 /* WordsTableViewController.swift */ = {isa = PBXFileReference; lastKnownFileType = sourcecode.swift; path = WordsTableViewController.swift; sourceTree = "<group>"; };
		22EF644C2481B07500173CD4 /* DefinitionViewController.swift */ = {isa = PBXFileReference; lastKnownFileType = sourcecode.swift; path = DefinitionViewController.swift; sourceTree = "<group>"; };
		22EF644E2481B2F200173CD4 /* VocabularyWord.swift */ = {isa = PBXFileReference; lastKnownFileType = sourcecode.swift; path = VocabularyWord.swift; sourceTree = "<group>"; };
/* End PBXFileReference section */

/* Begin PBXFrameworksBuildPhase section */
		22EF64302481B00100173CD4 /* Frameworks */ = {
			isa = PBXFrameworksBuildPhase;
			buildActionMask = 2147483647;
			files = (
			);
			runOnlyForDeploymentPostprocessing = 0;
		};
/* End PBXFrameworksBuildPhase section */

/* Begin PBXGroup section */
		22EF642A2481B00100173CD4 = {
			isa = PBXGroup;
			children = (
				22EF64352481B00100173CD4 /* Swift Vocabulary */,
				22EF64342481B00100173CD4 /* Products */,
			);
			sourceTree = "<group>";
		};
		22EF64342481B00100173CD4 /* Products */ = {
			isa = PBXGroup;
			children = (
				22EF64332481B00100173CD4 /* Swift Vocabulary.app */,
			);
			name = Products;
			sourceTree = "<group>";
		};
		22EF64352481B00100173CD4 /* Swift Vocabulary */ = {
			isa = PBXGroup;
			children = (
				22EF64362481B00100173CD4 /* AppDelegate.swift */,
				22EF64382481B00100173CD4 /* SceneDelegate.swift */,
				22EF643C2481B00100173CD4 /* Main.storyboard */,
				22EF644A2481B05400173CD4 /* WordsTableViewController.swift */,
				22EF644E2481B2F200173CD4 /* VocabularyWord.swift */,
				22EF644C2481B07500173CD4 /* DefinitionViewController.swift */,
				22EF643F2481B00300173CD4 /* Assets.xcassets */,
				22EF64412481B00300173CD4 /* LaunchScreen.storyboard */,
				22EF64442481B00300173CD4 /* Info.plist */,
			);
			path = "Swift Vocabulary";
			sourceTree = "<group>";
		};
/* End PBXGroup section */

/* Begin PBXNativeTarget section */
		22EF64322481B00100173CD4 /* Swift Vocabulary */ = {
			isa = PBXNativeTarget;
			buildConfigurationList = 22EF64472481B00300173CD4 /* Build configuration list for PBXNativeTarget "Swift Vocabulary" */;
			buildPhases = (
				22EF642F2481B00100173CD4 /* Sources */,
				22EF64302481B00100173CD4 /* Frameworks */,
				22EF64312481B00100173CD4 /* Resources */,
			);
			buildRules = (
			);
			dependencies = (
			);
			name = "Swift Vocabulary";
			productName = "Swift Vocabulary";
			productReference = 22EF64332481B00100173CD4 /* Swift Vocabulary.app */;
			productType = "com.apple.product-type.application";
		};
/* End PBXNativeTarget section */

/* Begin PBXProject section */
		22EF642B2481B00100173CD4 /* Project object */ = {
			isa = PBXProject;
			attributes = {
				LastSwiftUpdateCheck = 1130;
				LastUpgradeCheck = 1130;
				ORGANIZATIONNAME = "Timothy Rooney";
				TargetAttributes = {
					22EF64322481B00100173CD4 = {
						CreatedOnToolsVersion = 11.3.1;
					};
				};
			};
			buildConfigurationList = 22EF642E2481B00100173CD4 /* Build configuration list for PBXProject "Swift Vocabulary" */;
			compatibilityVersion = "Xcode 9.3";
			developmentRegion = en;
			hasScannedForEncodings = 0;
			knownRegions = (
				en,
				Base,
			);
			mainGroup = 22EF642A2481B00100173CD4;
			productRefGroup = 22EF64342481B00100173CD4 /* Products */;
			projectDirPath = "";
			projectRoot = "";
			targets = (
				22EF64322481B00100173CD4 /* Swift Vocabulary */,
			);
		};
/* End PBXProject section */

/* Begin PBXResourcesBuildPhase section */
		22EF64312481B00100173CD4 /* Resources */ = {
			isa = PBXResourcesBuildPhase;
			buildActionMask = 2147483647;
			files = (
				22EF64432481B00300173CD4 /* LaunchScreen.storyboard in Resources */,
				22EF64402481B00300173CD4 /* Assets.xcassets in Resources */,
				22EF643E2481B00100173CD4 /* Main.storyboard in Resources */,
			);
			runOnlyForDeploymentPostprocessing = 0;
		};
/* End PBXResourcesBuildPhase section */

/* Begin PBXSourcesBuildPhase section */
		22EF642F2481B00100173CD4 /* Sources */ = {
			isa = PBXSourcesBuildPhase;
			buildActionMask = 2147483647;
			files = (
				22EF64372481B00100173CD4 /* AppDelegate.swift in Sources */,
				22EF64392481B00100173CD4 /* SceneDelegate.swift in Sources */,
				22EF644F2481B2F200173CD4 /* VocabularyWord.swift in Sources */,
				22EF644B2481B05400173CD4 /* WordsTableViewController.swift in Sources */,
				22EF644D2481B07500173CD4 /* DefinitionViewController.swift in Sources */,
			);
			runOnlyForDeploymentPostprocessing = 0;
		};
/* End PBXSourcesBuildPhase section */

/* Begin PBXVariantGroup section */
		22EF643C2481B00100173CD4 /* Main.storyboard */ = {
			isa = PBXVariantGroup;
			children = (
				22EF643D2481B00100173CD4 /* Base */,
			);
			name = Main.storyboard;
			sourceTree = "<group>";
		};
		22EF64412481B00300173CD4 /* LaunchScreen.storyboard */ = {
			isa = PBXVariantGroup;
			children = (
				22EF64422481B00300173CD4 /* Base */,
			);
			name = LaunchScreen.storyboard;
			sourceTree = "<group>";
		};
/* End PBXVariantGroup section */

/* Begin XCBuildConfiguration section */
		22EF64452481B00300173CD4 /* Debug */ = {
			isa = XCBuildConfiguration;
			buildSettings = {
				ALWAYS_SEARCH_USER_PATHS = NO;
				CLANG_ANALYZER_NONNULL = YES;
				CLANG_ANALYZER_NUMBER_OBJECT_CONVERSION = YES_AGGRESSIVE;
				CLANG_CXX_LANGUAGE_STANDARD = "gnu++14";
				CLANG_CXX_LIBRARY = "libc++";
				CLANG_ENABLE_MODULES = YES;
				CLANG_ENABLE_OBJC_ARC = YES;
				CLANG_ENABLE_OBJC_WEAK = YES;
				CLANG_WARN_BLOCK_CAPTURE_AUTORELEASING = YES;
				CLANG_WARN_BOOL_CONVERSION = YES;
				CLANG_WARN_COMMA = YES;
				CLANG_WARN_CONSTANT_CONVERSION = YES;
				CLANG_WARN_DEPRECATED_OBJC_IMPLEMENTATIONS = YES;
				CLANG_WARN_DIRECT_OBJC_ISA_USAGE = YES_ERROR;
				CLANG_WARN_DOCUMENTATION_COMMENTS = YES;
				CLANG_WARN_EMPTY_BODY = YES;
				CLANG_WARN_ENUM_CONVERSION = YES;
				CLANG_WARN_INFINITE_RECURSION = YES;
				CLANG_WARN_INT_CONVERSION = YES;
				CLANG_WARN_NON_LITERAL_NULL_CONVERSION = YES;
				CLANG_WARN_OBJC_IMPLICIT_RETAIN_SELF = YES;
				CLANG_WARN_OBJC_LITERAL_CONVERSION = YES;
				CLANG_WARN_OBJC_ROOT_CLASS = YES_ERROR;
				CLANG_WARN_RANGE_LOOP_ANALYSIS = YES;
				CLANG_WARN_STRICT_PROTOTYPES = YES;
				CLANG_WARN_SUSPICIOUS_MOVE = YES;
				CLANG_WARN_UNGUARDED_AVAILABILITY = YES_AGGRESSIVE;
				CLANG_WARN_UNREACHABLE_CODE = YES;
				CLANG_WARN__DUPLICATE_METHOD_MATCH = YES;
				COPY_PHASE_STRIP = NO;
				DEBUG_INFORMATION_FORMAT = dwarf;
				ENABLE_STRICT_OBJC_MSGSEND = YES;
				ENABLE_TESTABILITY = YES;
				GCC_C_LANGUAGE_STANDARD = gnu11;
				GCC_DYNAMIC_NO_PIC = NO;
				GCC_NO_COMMON_BLOCKS = YES;
				GCC_OPTIMIZATION_LEVEL = 0;
				GCC_PREPROCESSOR_DEFINITIONS = (
					"DEBUG=1",
					"$(inherited)",
				);
				GCC_WARN_64_TO_32_BIT_CONVERSION = YES;
				GCC_WARN_ABOUT_RETURN_TYPE = YES_ERROR;
				GCC_WARN_UNDECLARED_SELECTOR = YES;
				GCC_WARN_UNINITIALIZED_AUTOS = YES_AGGRESSIVE;
				GCC_WARN_UNUSED_FUNCTION = YES;
				GCC_WARN_UNUSED_VARIABLE = YES;
				IPHONEOS_DEPLOYMENT_TARGET = 13.2;
				MTL_ENABLE_DEBUG_INFO = INCLUDE_SOURCE;
				MTL_FAST_MATH = YES;
				ONLY_ACTIVE_ARCH = YES;
				SDKROOT = iphoneos;
				SWIFT_ACTIVE_COMPILATION_CONDITIONS = DEBUG;
				SWIFT_OPTIMIZATION_LEVEL = "-Onone";
			};
			name = Debug;
		};
		22EF64462481B00300173CD4 /* Release */ = {
			isa = XCBuildConfiguration;
			buildSettings = {
				ALWAYS_SEARCH_USER_PATHS = NO;
				CLANG_ANALYZER_NONNULL = YES;
				CLANG_ANALYZER_NUMBER_OBJECT_CONVERSION = YES_AGGRESSIVE;
				CLANG_CXX_LANGUAGE_STANDARD = "gnu++14";
				CLANG_CXX_LIBRARY = "libc++";
				CLANG_ENABLE_MODULES = YES;
				CLANG_ENABLE_OBJC_ARC = YES;
				CLANG_ENABLE_OBJC_WEAK = YES;
				CLANG_WARN_BLOCK_CAPTURE_AUTORELEASING = YES;
				CLANG_WARN_BOOL_CONVERSION = YES;
				CLANG_WARN_COMMA = YES;
				CLANG_WARN_CONSTANT_CONVERSION = YES;
				CLANG_WARN_DEPRECATED_OBJC_IMPLEMENTATIONS = YES;
				CLANG_WARN_DIRECT_OBJC_ISA_USAGE = YES_ERROR;
				CLANG_WARN_DOCUMENTATION_COMMENTS = YES;
				CLANG_WARN_EMPTY_BODY = YES;
				CLANG_WARN_ENUM_CONVERSION = YES;
				CLANG_WARN_INFINITE_RECURSION = YES;
				CLANG_WARN_INT_CONVERSION = YES;
				CLANG_WARN_NON_LITERAL_NULL_CONVERSION = YES;
				CLANG_WARN_OBJC_IMPLICIT_RETAIN_SELF = YES;
				CLANG_WARN_OBJC_LITERAL_CONVERSION = YES;
				CLANG_WARN_OBJC_ROOT_CLASS = YES_ERROR;
				CLANG_WARN_RANGE_LOOP_ANALYSIS = YES;
				CLANG_WARN_STRICT_PROTOTYPES = YES;
				CLANG_WARN_SUSPICIOUS_MOVE = YES;
				CLANG_WARN_UNGUARDED_AVAILABILITY = YES_AGGRESSIVE;
				CLANG_WARN_UNREACHABLE_CODE = YES;
				CLANG_WARN__DUPLICATE_METHOD_MATCH = YES;
				COPY_PHASE_STRIP = NO;
				DEBUG_INFORMATION_FORMAT = "dwarf-with-dsym";
				ENABLE_NS_ASSERTIONS = NO;
				ENABLE_STRICT_OBJC_MSGSEND = YES;
				GCC_C_LANGUAGE_STANDARD = gnu11;
				GCC_NO_COMMON_BLOCKS = YES;
				GCC_WARN_64_TO_32_BIT_CONVERSION = YES;
				GCC_WARN_ABOUT_RETURN_TYPE = YES_ERROR;
				GCC_WARN_UNDECLARED_SELECTOR = YES;
				GCC_WARN_UNINITIALIZED_AUTOS = YES_AGGRESSIVE;
				GCC_WARN_UNUSED_FUNCTION = YES;
				GCC_WARN_UNUSED_VARIABLE = YES;
				IPHONEOS_DEPLOYMENT_TARGET = 13.2;
				MTL_ENABLE_DEBUG_INFO = NO;
				MTL_FAST_MATH = YES;
				SDKROOT = iphoneos;
				SWIFT_COMPILATION_MODE = wholemodule;
				SWIFT_OPTIMIZATION_LEVEL = "-O";
				VALIDATE_PRODUCT = YES;
			};
			name = Release;
		};
		22EF64482481B00300173CD4 /* Debug */ = {
			isa = XCBuildConfiguration;
			buildSettings = {
				ASSETCATALOG_COMPILER_APPICON_NAME = AppIcon;
				CODE_SIGN_STYLE = Automatic;
				INFOPLIST_FILE = "Swift Vocabulary/Info.plist";
				LD_RUNPATH_SEARCH_PATHS = (
					"$(inherited)",
					"@executable_path/Frameworks",
				);
				PRODUCT_BUNDLE_IDENTIFIER = "com-tjr.Swift-Vocabulary";
				PRODUCT_NAME = "$(TARGET_NAME)";
				SWIFT_VERSION = 5.0;
				TARGETED_DEVICE_FAMILY = "1,2";
			};
			name = Debug;
		};
		22EF64492481B00300173CD4 /* Release */ = {
			isa = XCBuildConfiguration;
			buildSettings = {
				ASSETCATALOG_COMPILER_APPICON_NAME = AppIcon;
				CODE_SIGN_STYLE = Automatic;
				INFOPLIST_FILE = "Swift Vocabulary/Info.plist";
				LD_RUNPATH_SEARCH_PATHS = (
					"$(inherited)",
					"@executable_path/Frameworks",
				);
				PRODUCT_BUNDLE_IDENTIFIER = "com-tjr.Swift-Vocabulary";
				PRODUCT_NAME = "$(TARGET_NAME)";
				SWIFT_VERSION = 5.0;
				TARGETED_DEVICE_FAMILY = "1,2";
			};
			name = Release;
		};
/* End XCBuildConfiguration section */

/* Begin XCConfigurationList section */
		22EF642E2481B00100173CD4 /* Build configuration list for PBXProject "Swift Vocabulary" */ = {
			isa = XCConfigurationList;
			buildConfigurations = (
				22EF64452481B00300173CD4 /* Debug */,
				22EF64462481B00300173CD4 /* Release */,
			);
			defaultConfigurationIsVisible = 0;
			defaultConfigurationName = Release;
		};
		22EF64472481B00300173CD4 /* Build configuration list for PBXNativeTarget "Swift Vocabulary" */ = {
			isa = XCConfigurationList;
			buildConfigurations = (
				22EF64482481B00300173CD4 /* Debug */,
				22EF64492481B00300173CD4 /* Release */,
			);
			defaultConfigurationIsVisible = 0;
			defaultConfigurationName = Release;
		};
/* End XCConfigurationList section */
	};
	rootObject = 22EF642B2481B00100173CD4 /* Project object */;
}
